
Microsoft Visual Studio Solution File, Format Version 12.00
# Visual Studio Version 17
VisualStudioVersion = 17.9.34728.123
MinimumVisualStudioVersion = 10.0.40219.1
Project("{FAE04EC0-301F-11D3-BF4B-00C04F79EFBC}") = "TestOnline_Data", "TestOnline_Data\TestOnline_Data.csproj", "{EA61A39A-4947-4CC4-A2E3-C7E82970B6CE}"
EndProject
Global
	GlobalSection(SolutionConfigurationPlatforms) = preSolution
		Debug|Any CPU = Debug|Any CPU
		Release|Any CPU = Release|Any CPU
	EndGlobalSection
	GlobalSection(ProjectConfigurationPlatforms) = postSolution
		{EA61A39A-4947-4CC4-A2E3-C7E82970B6CE}.Debug|Any CPU.ActiveCfg = Debug|Any CPU
		{EA61A39A-4947-4CC4-A2E3-C7E82970B6CE}.Debug|Any CPU.Build.0 = Debug|Any CPU
		{EA61A39A-4947-4CC4-A2E3-C7E82970B6CE}.Release|Any CPU.ActiveCfg = Release|Any CPU
		{EA61A39A-4947-4CC4-A2E3-C7E82970B6CE}.Release|Any CPU.Build.0 = Release|Any CPU
	EndGlobalSection
	GlobalSection(SolutionProperties) = preSolution
		HideSolutionNode = FALSE
	EndGlobalSection
	GlobalSection(ExtensibilityGlobals) = postSolution
		SolutionGuid = {2C7B9EB4-C87D-45A7-B833-9CD76F403101}
	EndGlobalSection
EndGlobal
